<?xml version="1.0" encoding="utf-8"?>
<Project ToolsVersion="4.0" xmlns="http://schemas.microsoft.com/developer/msbuild/2003">
  <ItemGroup>
    <Filter Include="Source Files">
      <UniqueIdentifier>{4FC737F1-C7A5-4376-A066-2A32D752A2FF}</UniqueIdentifier>
      <Extensions>cpp;c;cc;cxx;def;odl;idl;hpj;bat;asm;asmx</Extensions>
    </Filter>
    <Filter Include="Header Files">
      <UniqueIdentifier>{93995380-89BD-4b04-88EB-625FBE52EBFB}</UniqueIdentifier>
      <Extensions>h;hh;hpp;hxx;hm;inl;inc;ipp;xsd</Extensions>
    </Filter>
    <Filter Include="Resource Files">
      <UniqueIdentifier>{67DA6AB6-F800-4c08-8B7A-83BB121AAD01}</UniqueIdentifier>
      <Extensions>rc;ico;cur;bmp;dlg;rc2;rct;bin;rgs;gif;jpg;jpeg;jpe;resx;tiff;tif;png;wav;mfcribbon-ms</Extensions>
    </Filter>
    <Filter Include="FTD2XX">
      <UniqueIdentifier>{5183bb32-2f92-4bf7-a5b8-9268a57a14df}</UniqueIdentifier>
    </Filter>
    <Filter Include="Sakura">
      <UniqueIdentifier>{777f0bb5-f3c9-4337-a2fa-809833dd939a}</UniqueIdentifier>
    </Filter>
    <Filter Include="Oscilloscope">
      <UniqueIdentifier>{e48753e3-5d1c-416b-b006-abff0f69e376}</UniqueIdentifier>
    </Filter>
  </ItemGroup>
  <ItemGroup>
    <Library Include="FTD2XX.lib" />
    <Library Include="FTD2xx\FTD2XX.lib">
      <Filter>FTD2XX</Filter>
    </Library>
  </ItemGroup>
  <ItemGroup>
    <ClCompile Include="main.cpp">
      <Filter>Source Files</Filter>
    </ClCompile>
    <ClCompile Include="FTD2xx\FTD2xxDev.cpp">
      <Filter>FTD2XX</Filter>
    </ClCompile>
    <ClCompile Include="OscilloscopeSRC\Osc_config.cpp">
      <Filter>Oscilloscope</Filter>
    </ClCompile>
    <ClCompile Include="OscilloscopeSRC\Osc_preamble.cpp">
      <Filter>Oscilloscope</Filter>
    </ClCompile>
    <ClCompile Include="OscilloscopeSRC\Oscilloscope.cpp">
      <Filter>Oscilloscope</Filter>
    </ClCompile>
    <ClCompile Include="Sakura\SaseboGII.cpp">
      <Filter>Sakura</Filter>
    </ClCompile>
  </ItemGroup>
  <ItemGroup>
    <ClInclude Include="FTD2xx\FTD2XX.H">
      <Filter>FTD2XX</Filter>
    </ClInclude>
    <ClInclude Include="FTD2xx\FTD2xxDev.h">
      <Filter>FTD2XX</Filter>
    </ClInclude>
    <ClInclude Include="FTD2xx\WinTypes.h">
      <Filter>FTD2XX</Filter>
    </ClInclude>
    <ClInclude Include="OscilloscopeSRC\Osc_config.h">
      <Filter>Oscilloscope</Filter>
    </ClInclude>
    <ClInclude Include="OscilloscopeSRC\Osc_preamble.h">
      <Filter>Oscilloscope</Filter>
    </ClInclude>
    <ClInclude Include="OscilloscopeSRC\Oscilloscope.h">
      <Filter>Oscilloscope</Filter>
    </ClInclude>
    <ClInclude Include="Sakura\SaseboGII.h">
      <Filter>Sakura</Filter>
    </ClInclude>
  </ItemGroup>
</Project>